
Microsoft Visual Studio Solution File, Format Version 12.00
# Visual Studio Version 17
VisualStudioVersion = 17.0.31912.275
MinimumVisualStudioVersion = 10.0.40219.1
Project("{FAE04EC0-301F-11D3-BF4B-00C04F79EFBC}") = "QRApi", "QRApi\QRApi.csproj", "{A3F7FA3F-1F4C-4E2F-A778-397B7DE35D43}"
EndProject
Project("{FAE04EC0-301F-11D3-BF4B-00C04F79EFBC}") = "QRServer", "QRServer\QRServer.csproj", "{F3E2B989-FCAD-4565-8538-151FDCC27449}"
EndProject
Global
	GlobalSection(SolutionConfigurationPlatforms) = preSolution
		Debug|Any CPU = Debug|Any CPU
		Release|Any CPU = Release|Any CPU
	EndGlobalSection
	GlobalSection(ProjectConfigurationPlatforms) = postSolution
		{A3F7FA3F-1F4C-4E2F-A778-397B7DE35D43}.Debug|Any CPU.ActiveCfg = Debug|Any CPU
		{A3F7FA3F-1F4C-4E2F-A778-397B7DE35D43}.Debug|Any CPU.Build.0 = Debug|Any CPU
		{A3F7FA3F-1F4C-4E2F-A778-397B7DE35D43}.Release|Any CPU.ActiveCfg = Release|Any CPU
		{A3F7FA3F-1F4C-4E2F-A778-397B7DE35D43}.Release|Any CPU.Build.0 = Release|Any CPU
		{F3E2B989-FCAD-4565-8538-151FDCC27449}.Debug|Any CPU.ActiveCfg = Debug|Any CPU
		{F3E2B989-FCAD-4565-8538-151FDCC27449}.Debug|Any CPU.Build.0 = Debug|Any CPU
		{F3E2B989-FCAD-4565-8538-151FDCC27449}.Release|Any CPU.ActiveCfg = Release|Any CPU
		{F3E2B989-FCAD-4565-8538-151FDCC27449}.Release|Any CPU.Build.0 = Release|Any CPU
	EndGlobalSection
	GlobalSection(SolutionProperties) = preSolution
		HideSolutionNode = FALSE
	EndGlobalSection
	GlobalSection(ExtensibilityGlobals) = postSolution
		SolutionGuid = {AA2DD84E-DFAC-41FB-94B2-231682C69ACF}
	EndGlobalSection
EndGlobal
